
Microsoft Visual Studio Solution File, Format Version 12.00
Project("{FAE04EC0-301F-11D3-BF4B-00C04F79EFBC}") = "Lab1", "Lab1\Lab1.csproj", "{C16547AC-9C8B-4725-8BC5-04CE7F413AFB}"
EndProject
Global
	GlobalSection(SolutionConfigurationPlatforms) = preSolution
		Debug|Any CPU = Debug|Any CPU
		Release|Any CPU = Release|Any CPU
	EndGlobalSection
	GlobalSection(ProjectConfigurationPlatforms) = postSolution
		{C16547AC-9C8B-4725-8BC5-04CE7F413AFB}.Debug|Any CPU.ActiveCfg = Debug|Any CPU
		{C16547AC-9C8B-4725-8BC5-04CE7F413AFB}.Debug|Any CPU.Build.0 = Debug|Any CPU
		{C16547AC-9C8B-4725-8BC5-04CE7F413AFB}.Release|Any CPU.ActiveCfg = Release|Any CPU
		{C16547AC-9C8B-4725-8BC5-04CE7F413AFB}.Release|Any CPU.Build.0 = Release|Any CPU
	EndGlobalSection
EndGlobal
